{
  "nodes": {
    "agenix": {
      "inputs": {
        "nixpkgs": [
          "nixpkgs"
        ]
      },
      "locked": {
        "lastModified": 1665870395,
        "narHash": "sha256-Tsbqb27LDNxOoPLh0gw2hIb6L/6Ow/6lIBvqcHzEKBI=",
        "owner": "ryantm",
        "repo": "agenix",
        "rev": "a630400067c6d03c9b3e0455347dc8559db14288",
        "type": "github"
      },
      "original": {
        "owner": "ryantm",
        "repo": "agenix",
        "type": "github"
      }
    },
    "emacs-overlay": {
      "inputs": {
        "flake-utils": "flake-utils",
        "nixpkgs": "nixpkgs"
      },
      "locked": {
        "lastModified": 1667710210,
        "narHash": "sha256-RwlGRHuw5JJbQBWaobBX0uxgQobzhZGpZxplC3zfSQE=",
        "owner": "nix-community",
        "repo": "emacs-overlay",
        "rev": "dbd801d11a1e65af31524fddede8d524151c737e",
        "type": "github"
      },
      "original": {
        "owner": "nix-community",
        "repo": "emacs-overlay",
        "type": "github"
      }
    },
    "flake-utils": {
      "locked": {
        "lastModified": 1667395993,
        "narHash": "sha256-nuEHfE/LcWyuSWnS8t12N1wc105Qtau+/OdUAjtQ0rA=",
        "owner": "numtide",
        "repo": "flake-utils",
        "rev": "5aed5285a952e0b949eb3ba02c12fa4fcfef535f",
        "type": "github"
      },
      "original": {
        "owner": "numtide",
        "repo": "flake-utils",
        "type": "github"
      }
    },
    "home-manager": {
      "inputs": {
        "nixpkgs": [
          "nixpkgs"
        ],
        "utils": "utils"
      },
      "locked": {
        "lastModified": 1667708081,
        "narHash": "sha256-FChEy05x4ed/pttjfTeKxjPCnHknMYrUtDyBiYbreT4=",
        "owner": "rycee",
        "repo": "home-manager",
        "rev": "1ef0da321217c6c19b7a30509631c080a19321e5",
        "type": "github"
      },
      "original": {
        "owner": "rycee",
        "ref": "master",
        "repo": "home-manager",
        "type": "github"
      }
    },
    "nixos-hardware": {
      "locked": {
        "lastModified": 1667585378,
        "narHash": "sha256-cvOwucrjBaAkaGk3FunG+MQiwiSBeIVTtO5n/YavpC0=",
        "owner": "nixos",
        "repo": "nixos-hardware",
        "rev": "6b35a59c19ddbbeb229fcd1d3dcd422dcc0fa927",
        "type": "github"
      },
      "original": {
        "owner": "nixos",
        "repo": "nixos-hardware",
        "type": "github"
      }
    },
    "nixpkgs": {
      "locked": {
        "lastModified": 1667185732,
        "narHash": "sha256-dA7vWNpB1mq6DPuPagSNm+Dw5RHITLaycrB8rW2WW/M=",
        "path": "/nix/store/5qqkqdhk65xygbpn8q7hvr5sw57dn8py-source",
        "rev": "83018dd5d795a7f0729c94c2d234986f2858c300",
        "type": "path"
      },
      "original": {
        "id": "nixpkgs",
        "type": "indirect"
      }
    },
    "nixpkgs-unstable": {
      "locked": {
        "lastModified": 1667640760,
        "narHash": "sha256-juU17BOGDomdzJEU6f4vjxpI8duN0oBHQrfIlWMlnJs=",
        "owner": "nixos",
        "repo": "nixpkgs",
        "rev": "3f717d630227a70d7e8cc955d4642516b447e836",
        "type": "github"
      },
      "original": {
        "owner": "nixos",
        "ref": "nixos-unstable-small",
        "repo": "nixpkgs",
        "type": "github"
      }
    },
    "nixpkgs_2": {
      "locked": {
        "lastModified": 1667640760,
        "narHash": "sha256-juU17BOGDomdzJEU6f4vjxpI8duN0oBHQrfIlWMlnJs=",
        "owner": "nixos",
        "repo": "nixpkgs",
        "rev": "3f717d630227a70d7e8cc955d4642516b447e836",
        "type": "github"
      },
      "original": {
        "owner": "nixos",
        "ref": "nixos-unstable-small",
        "repo": "nixpkgs",
        "type": "github"
      }
    },
    "root": {
      "inputs": {
        "agenix": "agenix",
        "emacs-overlay": "emacs-overlay",
        "home-manager": "home-manager",
        "nixos-hardware": "nixos-hardware",
        "nixpkgs": "nixpkgs_2",
        "nixpkgs-unstable": "nixpkgs-unstable"
      }
    },
    "utils": {
      "locked": {
        "lastModified": 1667395993,
        "narHash": "sha256-nuEHfE/LcWyuSWnS8t12N1wc105Qtau+/OdUAjtQ0rA=",
        "owner": "numtide",
        "repo": "flake-utils",
        "rev": "5aed5285a952e0b949eb3ba02c12fa4fcfef535f",
        "type": "github"
      },
      "original": {
        "owner": "numtide",
        "repo": "flake-utils",
        "type": "github"
      }
    }
  },
  "root": "root",
  "version": 7
}
